
Microsoft Visual Studio Solution File, Format Version 12.00
# Visual Studio Version 17
VisualStudioVersion = 17.14.36429.23
MinimumVisualStudioVersion = 10.0.40219.1
Project("{2150E333-8FDC-42A3-9474-1A3956D46DE8}") = "Task0", "Task0", "{02EA681E-C7D8-13C7-8484-4AC65E1B71E8}"
EndProject
Project("{FAE04EC0-301F-11D3-BF4B-00C04F79EFBC}") = "Tyuiu.MkhitaryanSG.Sprint3.Task0.V9", "Tyuiu.MkhitaryanSG.Sprint3.Task0.V9\Tyuiu.MkhitaryanSG.Sprint3.Task0.V9.csproj", "{EB8E210A-29A5-48E3-845E-F4349656F192}"
EndProject
Project("{FAE04EC0-301F-11D3-BF4B-00C04F79EFBC}") = "Tyuiu.MkhitaryanSG.Sprint3.Task0.V9.Lib", "Tyuiu.MkhitaryanSG.Sprint3.Task0.V9.Lib\Tyuiu.MkhitaryanSG.Sprint3.Task0.V9.Lib.csproj", "{F24DFBC0-17B1-4EBE-B3CD-5AC1F11483CB}"
EndProject
Project("{FAE04EC0-301F-11D3-BF4B-00C04F79EFBC}") = "Tyuiu.MkhitaryanSG.Sprint3.Task0.V9.Test", "Tyuiu.MkhitaryanSG.Sprint3.Task0.V9.Test\Tyuiu.MkhitaryanSG.Sprint3.Task0.V9.Test.csproj", "{D41D7CBD-93F2-436B-95AF-541C635382FB}"
EndProject
Project("{2150E333-8FDC-42A3-9474-1A3956D46DE8}") = "Task1", "Task1", "{DE2E398D-6DE5-4FA9-B40C-C54A1C263BFA}"
EndProject
Project("{FAE04EC0-301F-11D3-BF4B-00C04F79EFBC}") = "Tyuiu.MkhitaryanSG.Sprint3.Task1.V8", "Tyuiu.MkhitaryanSG.Sprint3.Task1.V8\Tyuiu.MkhitaryanSG.Sprint3.Task1.V8.csproj", "{1143C98C-936E-45C1-AF21-328208CBE699}"
EndProject
Project("{FAE04EC0-301F-11D3-BF4B-00C04F79EFBC}") = "Tyuiu.MkhitaryanSG.Sprint3.Task1.V8.Lib", "Tyuiu.MkhitaryanSG.Sprint3.Task1.V8.Lib\Tyuiu.MkhitaryanSG.Sprint3.Task1.V8.Lib.csproj", "{80627483-3231-4030-978E-4D95B0EBB5B1}"
EndProject
Project("{FAE04EC0-301F-11D3-BF4B-00C04F79EFBC}") = "Tyuiu.MkhitaryanSG.Sprint3.Task1.V8.Test", "Tyuiu.MkhitaryanSG.Sprint3.Task1.V8.Test\Tyuiu.MkhitaryanSG.Sprint3.Task1.V8.Test.csproj", "{0D6EE45E-1EBC-4300-A44A-8536F2468770}"
EndProject
Project("{2150E333-8FDC-42A3-9474-1A3956D46DE8}") = "Task2", "Task2", "{E3905E7E-9AD4-42FD-A65B-E6BFEA75768C}"
EndProject
Project("{FAE04EC0-301F-11D3-BF4B-00C04F79EFBC}") = "Tyuiu.MkhitaryanSG.Sprint3.Task2.V30", "Tyuiu.MkhitaryanSG.Sprint3.Task2.V30\Tyuiu.MkhitaryanSG.Sprint3.Task2.V30.csproj", "{CFBE79BB-41CA-4818-9285-56F0DB19D961}"
EndProject
Project("{FAE04EC0-301F-11D3-BF4B-00C04F79EFBC}") = "Tyuiu.MkhitaryanSG.Sprint3.Task2.V30.Lib", "Tyuiu.MkhitaryanSG.Sprint3.Task2.V30.Lib\Tyuiu.MkhitaryanSG.Sprint3.Task2.V30.Lib.csproj", "{F4BBE805-9D1B-40E5-BDC5-C475D2C7F0F5}"
EndProject
Project("{FAE04EC0-301F-11D3-BF4B-00C04F79EFBC}") = "Tyuiu.MkhitaryanSG.Sprint3.Task2.V30.Test", "Tyuiu.MkhitaryanSG.Sprint3.Task2.V30.Test\Tyuiu.MkhitaryanSG.Sprint3.Task2.V30.Test.csproj", "{323B54F4-D602-4FA0-8EA3-07EF03D661A5}"
EndProject
Project("{2150E333-8FDC-42A3-9474-1A3956D46DE8}") = "Task3", "Task3", "{F7C6A954-D5E8-402F-953E-A3461B8C7437}"
EndProject
Project("{FAE04EC0-301F-11D3-BF4B-00C04F79EFBC}") = "Tyuiu.MkhitaryanSG.Sprint3.Task3.V7", "Tyuiu.MkhitaryanSG.Sprint3.Task3.V7\Tyuiu.MkhitaryanSG.Sprint3.Task3.V7.csproj", "{B4F463F3-CA60-4906-8411-94CC4733A8E6}"
EndProject
Project("{FAE04EC0-301F-11D3-BF4B-00C04F79EFBC}") = "Tyuiu.MkhitaryanSG.Sprint3.Task3.V7.Lib", "Tyuiu.MkhitaryanSG.Sprint3.Task3.V7.Lib\Tyuiu.MkhitaryanSG.Sprint3.Task3.V7.Lib.csproj", "{7A76A543-8820-4763-BF04-3365988B239C}"
EndProject
Project("{FAE04EC0-301F-11D3-BF4B-00C04F79EFBC}") = "Tyuiu.MkhitaryanSG.Sprint3.Task3.V7.Test", "Tyuiu.MkhitaryanSG.Sprint3.Task3.V7.Test\Tyuiu.MkhitaryanSG.Sprint3.Task3.V7.Test.csproj", "{D2E4681F-630B-42BB-B4FE-296FA7B09142}"
EndProject
Project("{2150E333-8FDC-42A3-9474-1A3956D46DE8}") = "Task4", "Task4", "{A8968A8A-0196-4286-8682-0CCCBAE5D062}"
EndProject
Project("{FAE04EC0-301F-11D3-BF4B-00C04F79EFBC}") = "Tyuiu.MkhitaryanSG.Sprint3.Task4.V13", "Tyuiu.MkhitaryanSG.Sprint3.Task4.V13\Tyuiu.MkhitaryanSG.Sprint3.Task4.V13.csproj", "{5683BE65-242B-481C-B758-D5ED83D9F295}"
EndProject
Project("{FAE04EC0-301F-11D3-BF4B-00C04F79EFBC}") = "Tyuiu.MkhitaryanSG.Sprint3.Task4.V13.Lib", "Tyuiu.MkhitaryanSG.Sprint3.Task4.V13.Lib\Tyuiu.MkhitaryanSG.Sprint3.Task4.V13.Lib.csproj", "{61F4EEA9-D92D-47E8-BE50-F9A846AD42E7}"
EndProject
Project("{FAE04EC0-301F-11D3-BF4B-00C04F79EFBC}") = "Tyuiu.MkhitaryanSG.Sprint3.Task4.V13.Test", "Tyuiu.MkhitaryanSG.Sprint3.Task4.V13.Test\Tyuiu.MkhitaryanSG.Sprint3.Task4.V13.Test.csproj", "{72200CB0-12D8-4A62-8C61-C09F77C821C0}"
EndProject
Project("{2150E333-8FDC-42A3-9474-1A3956D46DE8}") = "Task5", "Task5", "{B8F0EF90-4BA7-4661-B943-CDCD1A687F97}"
EndProject
Project("{FAE04EC0-301F-11D3-BF4B-00C04F79EFBC}") = "Tyuiu.MkhitaryanSG.Sprint3.Task5.V30", "Tyuiu.MkhitaryanSG.Sprint3.Task5.V30\Tyuiu.MkhitaryanSG.Sprint3.Task5.V30.csproj", "{A0495299-3DB3-4272-9276-F66D646232D4}"
EndProject
Project("{FAE04EC0-301F-11D3-BF4B-00C04F79EFBC}") = "Tyuiu.MkhitaryanSG.Sprint3.Task5.V30.Lib", "Tyuiu.MkhitaryanSG.Sprint3.Task5.V30.Lib\Tyuiu.MkhitaryanSG.Sprint3.Task5.V30.Lib.csproj", "{6D7BF300-86F7-4031-A696-A651567ACB48}"
EndProject
Project("{FAE04EC0-301F-11D3-BF4B-00C04F79EFBC}") = "Tyuiu.MkhitaryanSG.Sprint3.Task5.V30.Test", "Tyuiu.MkhitaryanSG.Sprint3.Task5.V30.Test\Tyuiu.MkhitaryanSG.Sprint3.Task5.V30.Test.csproj", "{7BB4BF27-6DDD-45CF-8E9A-5342B02AF303}"
EndProject
Project("{2150E333-8FDC-42A3-9474-1A3956D46DE8}") = "Task6", "Task6", "{6F852629-C677-4C69-AFB7-B8608C16D0CA}"
EndProject
Project("{FAE04EC0-301F-11D3-BF4B-00C04F79EFBC}") = "Tyuiu.MkhitaryanSG.Sprint3.Task6.V27", "Tyuiu.MkhitaryanSG.Sprint3.Task6.V27\Tyuiu.MkhitaryanSG.Sprint3.Task6.V27.csproj", "{9BC08231-C49B-4DD7-BC34-3B1055EA40FF}"
EndProject
Project("{FAE04EC0-301F-11D3-BF4B-00C04F79EFBC}") = "Tyuiu.MkhitaryanSG.Sprint3.Task6.V27.Lib", "Tyuiu.MkhitaryanSG.Sprint3.Task6.V27.Lib\Tyuiu.MkhitaryanSG.Sprint3.Task6.V27.Lib.csproj", "{C2D13D97-8003-4CF3-90E6-722AFB759979}"
EndProject
Project("{FAE04EC0-301F-11D3-BF4B-00C04F79EFBC}") = "Tyuiu.MkhitaryanSG.Sprint3.Task6.V27.Test", "Tyuiu.MkhitaryanSG.Sprint3.Task6.V27.Test\Tyuiu.MkhitaryanSG.Sprint3.Task6.V27.Test.csproj", "{7660FAF4-A5D6-4905-9BA9-7BBA566C9284}"
EndProject
Global
	GlobalSection(SolutionConfigurationPlatforms) = preSolution
		Debug|Any CPU = Debug|Any CPU
		Release|Any CPU = Release|Any CPU
	EndGlobalSection
	GlobalSection(ProjectConfigurationPlatforms) = postSolution
		{EB8E210A-29A5-48E3-845E-F4349656F192}.Debug|Any CPU.ActiveCfg = Debug|Any CPU
		{EB8E210A-29A5-48E3-845E-F4349656F192}.Debug|Any CPU.Build.0 = Debug|Any CPU
		{EB8E210A-29A5-48E3-845E-F4349656F192}.Release|Any CPU.ActiveCfg = Release|Any CPU
		{EB8E210A-29A5-48E3-845E-F4349656F192}.Release|Any CPU.Build.0 = Release|Any CPU
		{F24DFBC0-17B1-4EBE-B3CD-5AC1F11483CB}.Debug|Any CPU.ActiveCfg = Debug|Any CPU
		{F24DFBC0-17B1-4EBE-B3CD-5AC1F11483CB}.Debug|Any CPU.Build.0 = Debug|Any CPU
		{F24DFBC0-17B1-4EBE-B3CD-5AC1F11483CB}.Release|Any CPU.ActiveCfg = Release|Any CPU
		{F24DFBC0-17B1-4EBE-B3CD-5AC1F11483CB}.Release|Any CPU.Build.0 = Release|Any CPU
		{D41D7CBD-93F2-436B-95AF-541C635382FB}.Debug|Any CPU.ActiveCfg = Debug|Any CPU
		{D41D7CBD-93F2-436B-95AF-541C635382FB}.Debug|Any CPU.Build.0 = Debug|Any CPU
		{D41D7CBD-93F2-436B-95AF-541C635382FB}.Release|Any CPU.ActiveCfg = Release|Any CPU
		{D41D7CBD-93F2-436B-95AF-541C635382FB}.Release|Any CPU.Build.0 = Release|Any CPU
		{1143C98C-936E-45C1-AF21-328208CBE699}.Debug|Any CPU.ActiveCfg = Debug|Any CPU
		{1143C98C-936E-45C1-AF21-328208CBE699}.Debug|Any CPU.Build.0 = Debug|Any CPU
		{1143C98C-936E-45C1-AF21-328208CBE699}.Release|Any CPU.ActiveCfg = Release|Any CPU
		{1143C98C-936E-45C1-AF21-328208CBE699}.Release|Any CPU.Build.0 = Release|Any CPU
		{80627483-3231-4030-978E-4D95B0EBB5B1}.Debug|Any CPU.ActiveCfg = Debug|Any CPU
		{80627483-3231-4030-978E-4D95B0EBB5B1}.Debug|Any CPU.Build.0 = Debug|Any CPU
		{80627483-3231-4030-978E-4D95B0EBB5B1}.Release|Any CPU.ActiveCfg = Release|Any CPU
		{80627483-3231-4030-978E-4D95B0EBB5B1}.Release|Any CPU.Build.0 = Release|Any CPU
		{0D6EE45E-1EBC-4300-A44A-8536F2468770}.Debug|Any CPU.ActiveCfg = Debug|Any CPU
		{0D6EE45E-1EBC-4300-A44A-8536F2468770}.Debug|Any CPU.Build.0 = Debug|Any CPU
		{0D6EE45E-1EBC-4300-A44A-8536F2468770}.Release|Any CPU.ActiveCfg = Release|Any CPU
		{0D6EE45E-1EBC-4300-A44A-8536F2468770}.Release|Any CPU.Build.0 = Release|Any CPU
		{CFBE79BB-41CA-4818-9285-56F0DB19D961}.Debug|Any CPU.ActiveCfg = Debug|Any CPU
		{CFBE79BB-41CA-4818-9285-56F0DB19D961}.Debug|Any CPU.Build.0 = Debug|Any CPU
		{CFBE79BB-41CA-4818-9285-56F0DB19D961}.Release|Any CPU.ActiveCfg = Release|Any CPU
		{CFBE79BB-41CA-4818-9285-56F0DB19D961}.Release|Any CPU.Build.0 = Release|Any CPU
		{F4BBE805-9D1B-40E5-BDC5-C475D2C7F0F5}.Debug|Any CPU.ActiveCfg = Debug|Any CPU
		{F4BBE805-9D1B-40E5-BDC5-C475D2C7F0F5}.Debug|Any CPU.Build.0 = Debug|Any CPU
		{F4BBE805-9D1B-40E5-BDC5-C475D2C7F0F5}.Release|Any CPU.ActiveCfg = Release|Any CPU
		{F4BBE805-9D1B-40E5-BDC5-C475D2C7F0F5}.Release|Any CPU.Build.0 = Release|Any CPU
		{323B54F4-D602-4FA0-8EA3-07EF03D661A5}.Debug|Any CPU.ActiveCfg = Debug|Any CPU
		{323B54F4-D602-4FA0-8EA3-07EF03D661A5}.Debug|Any CPU.Build.0 = Debug|Any CPU
		{323B54F4-D602-4FA0-8EA3-07EF03D661A5}.Release|Any CPU.ActiveCfg = Release|Any CPU
		{323B54F4-D602-4FA0-8EA3-07EF03D661A5}.Release|Any CPU.Build.0 = Release|Any CPU
		{B4F463F3-CA60-4906-8411-94CC4733A8E6}.Debug|Any CPU.ActiveCfg = Debug|Any CPU
		{B4F463F3-CA60-4906-8411-94CC4733A8E6}.Debug|Any CPU.Build.0 = Debug|Any CPU
		{B4F463F3-CA60-4906-8411-94CC4733A8E6}.Release|Any CPU.ActiveCfg = Release|Any CPU
		{B4F463F3-CA60-4906-8411-94CC4733A8E6}.Release|Any CPU.Build.0 = Release|Any CPU
		{7A76A543-8820-4763-BF04-3365988B239C}.Debug|Any CPU.ActiveCfg = Debug|Any CPU
		{7A76A543-8820-4763-BF04-3365988B239C}.Debug|Any CPU.Build.0 = Debug|Any CPU
		{7A76A543-8820-4763-BF04-3365988B239C}.Release|Any CPU.ActiveCfg = Release|Any CPU
		{7A76A543-8820-4763-BF04-3365988B239C}.Release|Any CPU.Build.0 = Release|Any CPU
		{D2E4681F-630B-42BB-B4FE-296FA7B09142}.Debug|Any CPU.ActiveCfg = Debug|Any CPU
		{D2E4681F-630B-42BB-B4FE-296FA7B09142}.Debug|Any CPU.Build.0 = Debug|Any CPU
		{D2E4681F-630B-42BB-B4FE-296FA7B09142}.Release|Any CPU.ActiveCfg = Release|Any CPU
		{D2E4681F-630B-42BB-B4FE-296FA7B09142}.Release|Any CPU.Build.0 = Release|Any CPU
		{5683BE65-242B-481C-B758-D5ED83D9F295}.Debug|Any CPU.ActiveCfg = Debug|Any CPU
		{5683BE65-242B-481C-B758-D5ED83D9F295}.Debug|Any CPU.Build.0 = Debug|Any CPU
		{5683BE65-242B-481C-B758-D5ED83D9F295}.Release|Any CPU.ActiveCfg = Release|Any CPU
		{5683BE65-242B-481C-B758-D5ED83D9F295}.Release|Any CPU.Build.0 = Release|Any CPU
		{61F4EEA9-D92D-47E8-BE50-F9A846AD42E7}.Debug|Any CPU.ActiveCfg = Debug|Any CPU
		{61F4EEA9-D92D-47E8-BE50-F9A846AD42E7}.Debug|Any CPU.Build.0 = Debug|Any CPU
		{61F4EEA9-D92D-47E8-BE50-F9A846AD42E7}.Release|Any CPU.ActiveCfg = Release|Any CPU
		{61F4EEA9-D92D-47E8-BE50-F9A846AD42E7}.Release|Any CPU.Build.0 = Release|Any CPU
		{72200CB0-12D8-4A62-8C61-C09F77C821C0}.Debug|Any CPU.ActiveCfg = Debug|Any CPU
		{72200CB0-12D8-4A62-8C61-C09F77C821C0}.Debug|Any CPU.Build.0 = Debug|Any CPU
		{72200CB0-12D8-4A62-8C61-C09F77C821C0}.Release|Any CPU.ActiveCfg = Release|Any CPU
		{72200CB0-12D8-4A62-8C61-C09F77C821C0}.Release|Any CPU.Build.0 = Release|Any CPU
		{A0495299-3DB3-4272-9276-F66D646232D4}.Debug|Any CPU.ActiveCfg = Debug|Any CPU
		{A0495299-3DB3-4272-9276-F66D646232D4}.Debug|Any CPU.Build.0 = Debug|Any CPU
		{A0495299-3DB3-4272-9276-F66D646232D4}.Release|Any CPU.ActiveCfg = Release|Any CPU
		{A0495299-3DB3-4272-9276-F66D646232D4}.Release|Any CPU.Build.0 = Release|Any CPU
		{6D7BF300-86F7-4031-A696-A651567ACB48}.Debug|Any CPU.ActiveCfg = Debug|Any CPU
		{6D7BF300-86F7-4031-A696-A651567ACB48}.Debug|Any CPU.Build.0 = Debug|Any CPU
		{6D7BF300-86F7-4031-A696-A651567ACB48}.Release|Any CPU.ActiveCfg = Release|Any CPU
		{6D7BF300-86F7-4031-A696-A651567ACB48}.Release|Any CPU.Build.0 = Release|Any CPU
		{7BB4BF27-6DDD-45CF-8E9A-5342B02AF303}.Debug|Any CPU.ActiveCfg = Debug|Any CPU
		{7BB4BF27-6DDD-45CF-8E9A-5342B02AF303}.Debug|Any CPU.Build.0 = Debug|Any CPU
		{7BB4BF27-6DDD-45CF-8E9A-5342B02AF303}.Release|Any CPU.ActiveCfg = Release|Any CPU
		{7BB4BF27-6DDD-45CF-8E9A-5342B02AF303}.Release|Any CPU.Build.0 = Release|Any CPU
		{9BC08231-C49B-4DD7-BC34-3B1055EA40FF}.Debug|Any CPU.ActiveCfg = Debug|Any CPU
		{9BC08231-C49B-4DD7-BC34-3B1055EA40FF}.Debug|Any CPU.Build.0 = Debug|Any CPU
		{9BC08231-C49B-4DD7-BC34-3B1055EA40FF}.Release|Any CPU.ActiveCfg = Release|Any CPU
		{9BC08231-C49B-4DD7-BC34-3B1055EA40FF}.Release|Any CPU.Build.0 = Release|Any CPU
		{C2D13D97-8003-4CF3-90E6-722AFB759979}.Debug|Any CPU.ActiveCfg = Debug|Any CPU
		{C2D13D97-8003-4CF3-90E6-722AFB759979}.Debug|Any CPU.Build.0 = Debug|Any CPU
		{C2D13D97-8003-4CF3-90E6-722AFB759979}.Release|Any CPU.ActiveCfg = Release|Any CPU
		{C2D13D97-8003-4CF3-90E6-722AFB759979}.Release|Any CPU.Build.0 = Release|Any CPU
		{7660FAF4-A5D6-4905-9BA9-7BBA566C9284}.Debug|Any CPU.ActiveCfg = Debug|Any CPU
		{7660FAF4-A5D6-4905-9BA9-7BBA566C9284}.Debug|Any CPU.Build.0 = Debug|Any CPU
		{7660FAF4-A5D6-4905-9BA9-7BBA566C9284}.Release|Any CPU.ActiveCfg = Release|Any CPU
		{7660FAF4-A5D6-4905-9BA9-7BBA566C9284}.Release|Any CPU.Build.0 = Release|Any CPU
	EndGlobalSection
	GlobalSection(SolutionProperties) = preSolution
		HideSolutionNode = FALSE
	EndGlobalSection
	GlobalSection(NestedProjects) = preSolution
		{EB8E210A-29A5-48E3-845E-F4349656F192} = {02EA681E-C7D8-13C7-8484-4AC65E1B71E8}
		{F24DFBC0-17B1-4EBE-B3CD-5AC1F11483CB} = {02EA681E-C7D8-13C7-8484-4AC65E1B71E8}
		{D41D7CBD-93F2-436B-95AF-541C635382FB} = {02EA681E-C7D8-13C7-8484-4AC65E1B71E8}
		{1143C98C-936E-45C1-AF21-328208CBE699} = {DE2E398D-6DE5-4FA9-B40C-C54A1C263BFA}
		{80627483-3231-4030-978E-4D95B0EBB5B1} = {DE2E398D-6DE5-4FA9-B40C-C54A1C263BFA}
		{0D6EE45E-1EBC-4300-A44A-8536F2468770} = {DE2E398D-6DE5-4FA9-B40C-C54A1C263BFA}
		{CFBE79BB-41CA-4818-9285-56F0DB19D961} = {E3905E7E-9AD4-42FD-A65B-E6BFEA75768C}
		{F4BBE805-9D1B-40E5-BDC5-C475D2C7F0F5} = {E3905E7E-9AD4-42FD-A65B-E6BFEA75768C}
		{323B54F4-D602-4FA0-8EA3-07EF03D661A5} = {E3905E7E-9AD4-42FD-A65B-E6BFEA75768C}
		{B4F463F3-CA60-4906-8411-94CC4733A8E6} = {F7C6A954-D5E8-402F-953E-A3461B8C7437}
		{7A76A543-8820-4763-BF04-3365988B239C} = {F7C6A954-D5E8-402F-953E-A3461B8C7437}
		{D2E4681F-630B-42BB-B4FE-296FA7B09142} = {F7C6A954-D5E8-402F-953E-A3461B8C7437}
		{5683BE65-242B-481C-B758-D5ED83D9F295} = {A8968A8A-0196-4286-8682-0CCCBAE5D062}
		{61F4EEA9-D92D-47E8-BE50-F9A846AD42E7} = {A8968A8A-0196-4286-8682-0CCCBAE5D062}
		{72200CB0-12D8-4A62-8C61-C09F77C821C0} = {A8968A8A-0196-4286-8682-0CCCBAE5D062}
		{A0495299-3DB3-4272-9276-F66D646232D4} = {B8F0EF90-4BA7-4661-B943-CDCD1A687F97}
		{6D7BF300-86F7-4031-A696-A651567ACB48} = {B8F0EF90-4BA7-4661-B943-CDCD1A687F97}
		{7BB4BF27-6DDD-45CF-8E9A-5342B02AF303} = {B8F0EF90-4BA7-4661-B943-CDCD1A687F97}
		{9BC08231-C49B-4DD7-BC34-3B1055EA40FF} = {6F852629-C677-4C69-AFB7-B8608C16D0CA}
		{C2D13D97-8003-4CF3-90E6-722AFB759979} = {6F852629-C677-4C69-AFB7-B8608C16D0CA}
		{7660FAF4-A5D6-4905-9BA9-7BBA566C9284} = {6F852629-C677-4C69-AFB7-B8608C16D0CA}
	EndGlobalSection
	GlobalSection(ExtensibilityGlobals) = postSolution
		SolutionGuid = {B2812F3D-531D-49EC-BCF1-45A2D36A5460}
	EndGlobalSection
EndGlobal
